// !$*UTF8*$!
{
	archiveVersion = 1;
	classes = {
	};
	objectVersion = 56;
	objects = {

/* Begin PBXBuildFile section */
		41CF56C5299E7611005193CE /* AppDelegate.swift in Sources */ = {isa = PBXBuildFile; fileRef = 41CF56C4299E7611005193CE /* AppDelegate.swift */; };
		41CF56C7299E7611005193CE /* SceneDelegate.swift in Sources */ = {isa = PBXBuildFile; fileRef = 41CF56C6299E7611005193CE /* SceneDelegate.swift */; };
		41CF56C9299E7611005193CE /* ViewController.swift in Sources */ = {isa = PBXBuildFile; fileRef = 41CF56C8299E7611005193CE /* ViewController.swift */; };
		41CF56CC299E7611005193CE /* Main.storyboard in Resources */ = {isa = PBXBuildFile; fileRef = 41CF56CA299E7611005193CE /* Main.storyboard */; };
		41CF56CE299E7612005193CE /* Assets.xcassets in Resources */ = {isa = PBXBuildFile; fileRef = 41CF56CD299E7612005193CE /* Assets.xcassets */; };
		41CF56D1299E7612005193CE /* LaunchScreen.storyboard in Resources */ = {isa = PBXBuildFile; fileRef = 41CF56CF299E7612005193CE /* LaunchScreen.storyboard */; };
		41CF56D9299E7D6B005193CE /* CryptoTableViewCell.swift in Sources */ = {isa = PBXBuildFile; fileRef = 41CF56D8299E7D6B005193CE /* CryptoTableViewCell.swift */; };
		41CF56DF299E846C005193CE /* CryptoCurrency.swift in Sources */ = {isa = PBXBuildFile; fileRef = 41CF56DE299E846C005193CE /* CryptoCurrency.swift */; };
		41CF56E1299E8583005193CE /* WebService.swift in Sources */ = {isa = PBXBuildFile; fileRef = 41CF56E0299E8583005193CE /* WebService.swift */; };
		41CF56E3299EAFBC005193CE /* CryptoViewModel.swift in Sources */ = {isa = PBXBuildFile; fileRef = 41CF56E2299EAFBC005193CE /* CryptoViewModel.swift */; };
/* End PBXBuildFile section */

/* Begin PBXFileReference section */
		41CF56C1299E7611005193CE /* MVVM-CryptoApp.app */ = {isa = PBXFileReference; explicitFileType = wrapper.application; includeInIndex = 0; path = "MVVM-CryptoApp.app"; sourceTree = BUILT_PRODUCTS_DIR; };
		41CF56C4299E7611005193CE /* AppDelegate.swift */ = {isa = PBXFileReference; lastKnownFileType = sourcecode.swift; path = AppDelegate.swift; sourceTree = "<group>"; };
		41CF56C6299E7611005193CE /* SceneDelegate.swift */ = {isa = PBXFileReference; lastKnownFileType = sourcecode.swift; path = SceneDelegate.swift; sourceTree = "<group>"; };
		41CF56C8299E7611005193CE /* ViewController.swift */ = {isa = PBXFileReference; lastKnownFileType = sourcecode.swift; path = ViewController.swift; sourceTree = "<group>"; };
		41CF56CB299E7611005193CE /* Base */ = {isa = PBXFileReference; lastKnownFileType = file.storyboard; name = Base; path = Base.lproj/Main.storyboard; sourceTree = "<group>"; };
		41CF56CD299E7612005193CE /* Assets.xcassets */ = {isa = PBXFileReference; lastKnownFileType = folder.assetcatalog; path = Assets.xcassets; sourceTree = "<group>"; };
		41CF56D0299E7612005193CE /* Base */ = {isa = PBXFileReference; lastKnownFileType = file.storyboard; name = Base; path = Base.lproj/LaunchScreen.storyboard; sourceTree = "<group>"; };
		41CF56D2299E7612005193CE /* Info.plist */ = {isa = PBXFileReference; lastKnownFileType = text.plist.xml; path = Info.plist; sourceTree = "<group>"; };
		41CF56D8299E7D6B005193CE /* CryptoTableViewCell.swift */ = {isa = PBXFileReference; lastKnownFileType = sourcecode.swift; path = CryptoTableViewCell.swift; sourceTree = "<group>"; };
		41CF56DE299E846C005193CE /* CryptoCurrency.swift */ = {isa = PBXFileReference; lastKnownFileType = sourcecode.swift; path = CryptoCurrency.swift; sourceTree = "<group>"; };
		41CF56E0299E8583005193CE /* WebService.swift */ = {isa = PBXFileReference; lastKnownFileType = sourcecode.swift; path = WebService.swift; sourceTree = "<group>"; };
		41CF56E2299EAFBC005193CE /* CryptoViewModel.swift */ = {isa = PBXFileReference; lastKnownFileType = sourcecode.swift; path = CryptoViewModel.swift; sourceTree = "<group>"; };
/* End PBXFileReference section */

/* Begin PBXFrameworksBuildPhase section */
		41CF56BE299E7611005193CE /* Frameworks */ = {
			isa = PBXFrameworksBuildPhase;
			buildActionMask = 2147483647;
			files = (
			);
			runOnlyForDeploymentPostprocessing = 0;
		};
/* End PBXFrameworksBuildPhase section */

/* Begin PBXGroup section */
		41CF56B8299E7610005193CE = {
			isa = PBXGroup;
			children = (
				41CF56C3299E7611005193CE /* MVVM-CryptoApp */,
				41CF56C2299E7611005193CE /* Products */,
			);
			sourceTree = "<group>";
		};
		41CF56C2299E7611005193CE /* Products */ = {
			isa = PBXGroup;
			children = (
				41CF56C1299E7611005193CE /* MVVM-CryptoApp.app */,
			);
			name = Products;
			sourceTree = "<group>";
		};
		41CF56C3299E7611005193CE /* MVVM-CryptoApp */ = {
			isa = PBXGroup;
			children = (
				41CF56DD299E843E005193CE /* Service */,
				41CF56DC299E842C005193CE /* ViewModel */,
				41CF56DB299E8423005193CE /* Model */,
				41CF56DA299E841B005193CE /* View */,
				41CF56CA299E7611005193CE /* Main.storyboard */,
				41CF56CD299E7612005193CE /* Assets.xcassets */,
				41CF56CF299E7612005193CE /* LaunchScreen.storyboard */,
				41CF56D2299E7612005193CE /* Info.plist */,
			);
			path = "MVVM-CryptoApp";
			sourceTree = "<group>";
		};
		41CF56DA299E841B005193CE /* View */ = {
			isa = PBXGroup;
			children = (
				41CF56C4299E7611005193CE /* AppDelegate.swift */,
				41CF56C6299E7611005193CE /* SceneDelegate.swift */,
				41CF56C8299E7611005193CE /* ViewController.swift */,
				41CF56D8299E7D6B005193CE /* CryptoTableViewCell.swift */,
			);
			path = View;
			sourceTree = "<group>";
		};
		41CF56DB299E8423005193CE /* Model */ = {
			isa = PBXGroup;
			children = (
				41CF56DE299E846C005193CE /* CryptoCurrency.swift */,
			);
			path = Model;
			sourceTree = "<group>";
		};
		41CF56DC299E842C005193CE /* ViewModel */ = {
			isa = PBXGroup;
			children = (
				41CF56E2299EAFBC005193CE /* CryptoViewModel.swift */,
			);
			path = ViewModel;
			sourceTree = "<group>";
		};
		41CF56DD299E843E005193CE /* Service */ = {
			isa = PBXGroup;
			children = (
				41CF56E0299E8583005193CE /* WebService.swift */,
			);
			path = Service;
			sourceTree = "<group>";
		};
/* End PBXGroup section */

/* Begin PBXNativeTarget section */
		41CF56C0299E7611005193CE /* MVVM-CryptoApp */ = {
			isa = PBXNativeTarget;
			buildConfigurationList = 41CF56D5299E7612005193CE /* Build configuration list for PBXNativeTarget "MVVM-CryptoApp" */;
			buildPhases = (
				41CF56BD299E7611005193CE /* Sources */,
				41CF56BE299E7611005193CE /* Frameworks */,
				41CF56BF299E7611005193CE /* Resources */,
			);
			buildRules = (
			);
			dependencies = (
			);
			name = "MVVM-CryptoApp";
			productName = "MVVM-CryptoApp";
			productReference = 41CF56C1299E7611005193CE /* MVVM-CryptoApp.app */;
			productType = "com.apple.product-type.application";
		};
/* End PBXNativeTarget section */

/* Begin PBXProject section */
		41CF56B9299E7610005193CE /* Project object */ = {
			isa = PBXProject;
			attributes = {
				BuildIndependentTargetsInParallel = 1;
				LastSwiftUpdateCheck = 1420;
				LastUpgradeCheck = 1420;
				TargetAttributes = {
					41CF56C0299E7611005193CE = {
						CreatedOnToolsVersion = 14.2;
					};
				};
			};
			buildConfigurationList = 41CF56BC299E7610005193CE /* Build configuration list for PBXProject "MVVM-CryptoApp" */;
			compatibilityVersion = "Xcode 14.0";
			developmentRegion = en;
			hasScannedForEncodings = 0;
			knownRegions = (
				en,
				Base,
			);
			mainGroup = 41CF56B8299E7610005193CE;
			productRefGroup = 41CF56C2299E7611005193CE /* Products */;
			projectDirPath = "";
			projectRoot = "";
			targets = (
				41CF56C0299E7611005193CE /* MVVM-CryptoApp */,
			);
		};
/* End PBXProject section */

/* Begin PBXResourcesBuildPhase section */
		41CF56BF299E7611005193CE /* Resources */ = {
			isa = PBXResourcesBuildPhase;
			buildActionMask = 2147483647;
			files = (
				41CF56D1299E7612005193CE /* LaunchScreen.storyboard in Resources */,
				41CF56CE299E7612005193CE /* Assets.xcassets in Resources */,
				41CF56CC299E7611005193CE /* Main.storyboard in Resources */,
			);
			runOnlyForDeploymentPostprocessing = 0;
		};
/* End PBXResourcesBuildPhase section */

/* Begin PBXSourcesBuildPhase section */
		41CF56BD299E7611005193CE /* Sources */ = {
			isa = PBXSourcesBuildPhase;
			buildActionMask = 2147483647;
			files = (
				41CF56E1299E8583005193CE /* WebService.swift in Sources */,
				41CF56D9299E7D6B005193CE /* CryptoTableViewCell.swift in Sources */,
				41CF56C9299E7611005193CE /* ViewController.swift in Sources */,
				41CF56E3299EAFBC005193CE /* CryptoViewModel.swift in Sources */,
				41CF56C5299E7611005193CE /* AppDelegate.swift in Sources */,
				41CF56DF299E846C005193CE /* CryptoCurrency.swift in Sources */,
				41CF56C7299E7611005193CE /* SceneDelegate.swift in Sources */,
			);
			runOnlyForDeploymentPostprocessing = 0;
		};
/* End PBXSourcesBuildPhase section */

/* Begin PBXVariantGroup section */
		41CF56CA299E7611005193CE /* Main.storyboard */ = {
			isa = PBXVariantGroup;
			children = (
				41CF56CB299E7611005193CE /* Base */,
			);
			name = Main.storyboard;
			sourceTree = "<group>";
		};
		41CF56CF299E7612005193CE /* LaunchScreen.storyboard */ = {
			isa = PBXVariantGroup;
			children = (
				41CF56D0299E7612005193CE /* Base */,
			);
			name = LaunchScreen.storyboard;
			sourceTree = "<group>";
		};
/* End PBXVariantGroup section */

/* Begin XCBuildConfiguration section */
		41CF56D3299E7612005193CE /* Debug */ = {
			isa = XCBuildConfiguration;
			buildSettings = {
				ALWAYS_SEARCH_USER_PATHS = NO;
				CLANG_ANALYZER_NONNULL = YES;
				CLANG_ANALYZER_NUMBER_OBJECT_CONVERSION = YES_AGGRESSIVE;
				CLANG_CXX_LANGUAGE_STANDARD = "gnu++20";
				CLANG_ENABLE_MODULES = YES;
				CLANG_ENABLE_OBJC_ARC = YES;
				CLANG_ENABLE_OBJC_WEAK = YES;
				CLANG_WARN_BLOCK_CAPTURE_AUTORELEASING = YES;
				CLANG_WARN_BOOL_CONVERSION = YES;
				CLANG_WARN_COMMA = YES;
				CLANG_WARN_CONSTANT_CONVERSION = YES;
				CLANG_WARN_DEPRECATED_OBJC_IMPLEMENTATIONS = YES;
				CLANG_WARN_DIRECT_OBJC_ISA_USAGE = YES_ERROR;
				CLANG_WARN_DOCUMENTATION_COMMENTS = YES;
				CLANG_WARN_EMPTY_BODY = YES;
				CLANG_WARN_ENUM_CONVERSION = YES;
				CLANG_WARN_INFINITE_RECURSION = YES;
				CLANG_WARN_INT_CONVERSION = YES;
				CLANG_WARN_NON_LITERAL_NULL_CONVERSION = YES;
				CLANG_WARN_OBJC_IMPLICIT_RETAIN_SELF = YES;
				CLANG_WARN_OBJC_LITERAL_CONVERSION = YES;
				CLANG_WARN_OBJC_ROOT_CLASS = YES_ERROR;
				CLANG_WARN_QUOTED_INCLUDE_IN_FRAMEWORK_HEADER = YES;
				CLANG_WARN_RANGE_LOOP_ANALYSIS = YES;
				CLANG_WARN_STRICT_PROTOTYPES = YES;
				CLANG_WARN_SUSPICIOUS_MOVE = YES;
				CLANG_WARN_UNGUARDED_AVAILABILITY = YES_AGGRESSIVE;
				CLANG_WARN_UNREACHABLE_CODE = YES;
				CLANG_WARN__DUPLICATE_METHOD_MATCH = YES;
				COPY_PHASE_STRIP = NO;
				DEBUG_INFORMATION_FORMAT = dwarf;
				ENABLE_STRICT_OBJC_MSGSEND = YES;
				ENABLE_TESTABILITY = YES;
				GCC_C_LANGUAGE_STANDARD = gnu11;
				GCC_DYNAMIC_NO_PIC = NO;
				GCC_NO_COMMON_BLOCKS = YES;
				GCC_OPTIMIZATION_LEVEL = 0;
				GCC_PREPROCESSOR_DEFINITIONS = (
					"DEBUG=1",
					"$(inherited)",
				);
				GCC_WARN_64_TO_32_BIT_CONVERSION = YES;
				GCC_WARN_ABOUT_RETURN_TYPE = YES_ERROR;
				GCC_WARN_UNDECLARED_SELECTOR = YES;
				GCC_WARN_UNINITIALIZED_AUTOS = YES_AGGRESSIVE;
				GCC_WARN_UNUSED_FUNCTION = YES;
				GCC_WARN_UNUSED_VARIABLE = YES;
				IPHONEOS_DEPLOYMENT_TARGET = 16.2;
				MTL_ENABLE_DEBUG_INFO = INCLUDE_SOURCE;
				MTL_FAST_MATH = YES;
				ONLY_ACTIVE_ARCH = YES;
				SDKROOT = iphoneos;
				SWIFT_ACTIVE_COMPILATION_CONDITIONS = DEBUG;
				SWIFT_OPTIMIZATION_LEVEL = "-Onone";
			};
			name = Debug;
		};
		41CF56D4299E7612005193CE /* Release */ = {
			isa = XCBuildConfiguration;
			buildSettings = {
				ALWAYS_SEARCH_USER_PATHS = NO;
				CLANG_ANALYZER_NONNULL = YES;
				CLANG_ANALYZER_NUMBER_OBJECT_CONVERSION = YES_AGGRESSIVE;
				CLANG_CXX_LANGUAGE_STANDARD = "gnu++20";
				CLANG_ENABLE_MODULES = YES;
				CLANG_ENABLE_OBJC_ARC = YES;
				CLANG_ENABLE_OBJC_WEAK = YES;
				CLANG_WARN_BLOCK_CAPTURE_AUTORELEASING = YES;
				CLANG_WARN_BOOL_CONVERSION = YES;
				CLANG_WARN_COMMA = YES;
				CLANG_WARN_CONSTANT_CONVERSION = YES;
				CLANG_WARN_DEPRECATED_OBJC_IMPLEMENTATIONS = YES;
				CLANG_WARN_DIRECT_OBJC_ISA_USAGE = YES_ERROR;
				CLANG_WARN_DOCUMENTATION_COMMENTS = YES;
				CLANG_WARN_EMPTY_BODY = YES;
				CLANG_WARN_ENUM_CONVERSION = YES;
				CLANG_WARN_INFINITE_RECURSION = YES;
				CLANG_WARN_INT_CONVERSION = YES;
				CLANG_WARN_NON_LITERAL_NULL_CONVERSION = YES;
				CLANG_WARN_OBJC_IMPLICIT_RETAIN_SELF = YES;
				CLANG_WARN_OBJC_LITERAL_CONVERSION = YES;
				CLANG_WARN_OBJC_ROOT_CLASS = YES_ERROR;
				CLANG_WARN_QUOTED_INCLUDE_IN_FRAMEWORK_HEADER = YES;
				CLANG_WARN_RANGE_LOOP_ANALYSIS = YES;
				CLANG_WARN_STRICT_PROTOTYPES = YES;
				CLANG_WARN_SUSPICIOUS_MOVE = YES;
				CLANG_WARN_UNGUARDED_AVAILABILITY = YES_AGGRESSIVE;
				CLANG_WARN_UNREACHABLE_CODE = YES;
				CLANG_WARN__DUPLICATE_METHOD_MATCH = YES;
				COPY_PHASE_STRIP = NO;
				DEBUG_INFORMATION_FORMAT = "dwarf-with-dsym";
				ENABLE_NS_ASSERTIONS = NO;
				ENABLE_STRICT_OBJC_MSGSEND = YES;
				GCC_C_LANGUAGE_STANDARD = gnu11;
				GCC_NO_COMMON_BLOCKS = YES;
				GCC_WARN_64_TO_32_BIT_CONVERSION = YES;
				GCC_WARN_ABOUT_RETURN_TYPE = YES_ERROR;
				GCC_WARN_UNDECLARED_SELECTOR = YES;
				GCC_WARN_UNINITIALIZED_AUTOS = YES_AGGRESSIVE;
				GCC_WARN_UNUSED_FUNCTION = YES;
				GCC_WARN_UNUSED_VARIABLE = YES;
				IPHONEOS_DEPLOYMENT_TARGET = 16.2;
				MTL_ENABLE_DEBUG_INFO = NO;
				MTL_FAST_MATH = YES;
				SDKROOT = iphoneos;
				SWIFT_COMPILATION_MODE = wholemodule;
				SWIFT_OPTIMIZATION_LEVEL = "-O";
				VALIDATE_PRODUCT = YES;
			};
			name = Release;
		};
		41CF56D6299E7612005193CE /* Debug */ = {
			isa = XCBuildConfiguration;
			buildSettings = {
				ASSETCATALOG_COMPILER_APPICON_NAME = AppIcon;
				ASSETCATALOG_COMPILER_GLOBAL_ACCENT_COLOR_NAME = AccentColor;
				CODE_SIGN_STYLE = Automatic;
				CURRENT_PROJECT_VERSION = 1;
				DEVELOPMENT_TEAM = ZAFK6J8VYM;
				GENERATE_INFOPLIST_FILE = YES;
				INFOPLIST_FILE = "MVVM-CryptoApp/Info.plist";
				INFOPLIST_KEY_UIApplicationSupportsIndirectInputEvents = YES;
				INFOPLIST_KEY_UILaunchStoryboardName = LaunchScreen;
				INFOPLIST_KEY_UIMainStoryboardFile = Main;
				INFOPLIST_KEY_UISupportedInterfaceOrientations_iPad = "UIInterfaceOrientationPortrait UIInterfaceOrientationPortraitUpsideDown UIInterfaceOrientationLandscapeLeft UIInterfaceOrientationLandscapeRight";
				INFOPLIST_KEY_UISupportedInterfaceOrientations_iPhone = "UIInterfaceOrientationPortrait UIInterfaceOrientationLandscapeLeft UIInterfaceOrientationLandscapeRight";
				LD_RUNPATH_SEARCH_PATHS = (
					"$(inherited)",
					"@executable_path/Frameworks",
				);
				MARKETING_VERSION = 1.0;
				PRODUCT_BUNDLE_IDENTIFIER = "com.mertpolat.MVVM-CryptoApp";
				PRODUCT_NAME = "$(TARGET_NAME)";
				SWIFT_EMIT_LOC_STRINGS = YES;
				SWIFT_VERSION = 5.0;
				TARGETED_DEVICE_FAMILY = "1,2";
			};
			name = Debug;
		};
		41CF56D7299E7612005193CE /* Release */ = {
			isa = XCBuildConfiguration;
			buildSettings = {
				ASSETCATALOG_COMPILER_APPICON_NAME = AppIcon;
				ASSETCATALOG_COMPILER_GLOBAL_ACCENT_COLOR_NAME = AccentColor;
				CODE_SIGN_STYLE = Automatic;
				CURRENT_PROJECT_VERSION = 1;
				DEVELOPMENT_TEAM = ZAFK6J8VYM;
				GENERATE_INFOPLIST_FILE = YES;
				INFOPLIST_FILE = "MVVM-CryptoApp/Info.plist";
				INFOPLIST_KEY_UIApplicationSupportsIndirectInputEvents = YES;
				INFOPLIST_KEY_UILaunchStoryboardName = LaunchScreen;
				INFOPLIST_KEY_UIMainStoryboardFile = Main;
				INFOPLIST_KEY_UISupportedInterfaceOrientations_iPad = "UIInterfaceOrientationPortrait UIInterfaceOrientationPortraitUpsideDown UIInterfaceOrientationLandscapeLeft UIInterfaceOrientationLandscapeRight";
				INFOPLIST_KEY_UISupportedInterfaceOrientations_iPhone = "UIInterfaceOrientationPortrait UIInterfaceOrientationLandscapeLeft UIInterfaceOrientationLandscapeRight";
				LD_RUNPATH_SEARCH_PATHS = (
					"$(inherited)",
					"@executable_path/Frameworks",
				);
				MARKETING_VERSION = 1.0;
				PRODUCT_BUNDLE_IDENTIFIER = "com.mertpolat.MVVM-CryptoApp";
				PRODUCT_NAME = "$(TARGET_NAME)";
				SWIFT_EMIT_LOC_STRINGS = YES;
				SWIFT_VERSION = 5.0;
				TARGETED_DEVICE_FAMILY = "1,2";
			};
			name = Release;
		};
/* End XCBuildConfiguration section */

/* Begin XCConfigurationList section */
		41CF56BC299E7610005193CE /* Build configuration list for PBXProject "MVVM-CryptoApp" */ = {
			isa = XCConfigurationList;
			buildConfigurations = (
				41CF56D3299E7612005193CE /* Debug */,
				41CF56D4299E7612005193CE /* Release */,
			);
			defaultConfigurationIsVisible = 0;
			defaultConfigurationName = Release;
		};
		41CF56D5299E7612005193CE /* Build configuration list for PBXNativeTarget "MVVM-CryptoApp" */ = {
			isa = XCConfigurationList;
			buildConfigurations = (
				41CF56D6299E7612005193CE /* Debug */,
				41CF56D7299E7612005193CE /* Release */,
			);
			defaultConfigurationIsVisible = 0;
			defaultConfigurationName = Release;
		};
/* End XCConfigurationList section */
	};
	rootObject = 41CF56B9299E7610005193CE /* Project object */;
}
